
Microsoft Visual Studio Solution File, Format Version 12.00
# Visual Studio Version 17
VisualStudioVersion = 17.11.35222.181
MinimumVisualStudioVersion = 10.0.40219.1
Project("{FAE04EC0-301F-11D3-BF4B-00C04F79EFBC}") = "GameMonogame", "GameMonogame\GameMonogame.csproj", "{CDEB6349-549B-4356-BAE4-EDB11CE62CD0}"
EndProject
Global
	GlobalSection(SolutionConfigurationPlatforms) = preSolution
		Debug|Any CPU = Debug|Any CPU
		Release|Any CPU = Release|Any CPU
	EndGlobalSection
	GlobalSection(ProjectConfigurationPlatforms) = postSolution
		{CDEB6349-549B-4356-BAE4-EDB11CE62CD0}.Debug|Any CPU.ActiveCfg = Debug|Any CPU
		{CDEB6349-549B-4356-BAE4-EDB11CE62CD0}.Debug|Any CPU.Build.0 = Debug|Any CPU
		{CDEB6349-549B-4356-BAE4-EDB11CE62CD0}.Release|Any CPU.ActiveCfg = Release|Any CPU
		{CDEB6349-549B-4356-BAE4-EDB11CE62CD0}.Release|Any CPU.Build.0 = Release|Any CPU
	EndGlobalSection
	GlobalSection(SolutionProperties) = preSolution
		HideSolutionNode = FALSE
	EndGlobalSection
	GlobalSection(ExtensibilityGlobals) = postSolution
		SolutionGuid = {8E3F0ADF-4AAF-419C-8319-17AB2F47A7C0}
	EndGlobalSection
EndGlobal
